
Microsoft Visual Studio Solution File, Format Version 12.00
# Visual Studio 2013
VisualStudioVersion = 12.0.31101.0
MinimumVisualStudioVersion = 10.0.40219.1
Project("{FAE04EC0-301F-11D3-BF4B-00C04F79EFBC}") = "clientExample", "clientExample\clientExample.csproj", "{D860E8B9-7AAF-42A1-B613-B42F72F578CE}"
EndProject
Global
	GlobalSection(SolutionConfigurationPlatforms) = preSolution
		Debug|Any CPU = Debug|Any CPU
		Release|Any CPU = Release|Any CPU
	EndGlobalSection
	GlobalSection(ProjectConfigurationPlatforms) = postSolution
		{D860E8B9-7AAF-42A1-B613-B42F72F578CE}.Debug|Any CPU.ActiveCfg = Debug|Any CPU
		{D860E8B9-7AAF-42A1-B613-B42F72F578CE}.Debug|Any CPU.Build.0 = Debug|Any CPU
		{D860E8B9-7AAF-42A1-B613-B42F72F578CE}.Release|Any CPU.ActiveCfg = Release|Any CPU
		{D860E8B9-7AAF-42A1-B613-B42F72F578CE}.Release|Any CPU.Build.0 = Release|Any CPU
	EndGlobalSection
	GlobalSection(SolutionProperties) = preSolution
		HideSolutionNode = FALSE
	EndGlobalSection
EndGlobal
